
Microsoft Visual Studio Solution File, Format Version 12.00
# Visual Studio 14
VisualStudioVersion = 14.0.24720.0
MinimumVisualStudioVersion = 10.0.40219.1
Project("{F2A71F9B-5D33-465A-A702-920D77279786}") = "PortableLibrary2", "PortableLibrary2\PortableLibrary2.fsproj", "{85780D25-884C-4385-80B9-87926191A8CC}"
EndProject
Project("{FAE04EC0-301F-11D3-BF4B-00C04F79EFBC}") = "App1.Droid", "App1\App1.Droid\App1.Droid.csproj", "{1E84509C-9445-4760-8D77-C31455D103E9}"
EndProject
Project("{FAE04EC0-301F-11D3-BF4B-00C04F79EFBC}") = "App1.iOS", "App1\App1.iOS\App1.iOS.csproj", "{A004893B-B381-44BB-ABBB-508A14B8A13C}"
EndProject
Project("{FAE04EC0-301F-11D3-BF4B-00C04F79EFBC}") = "App1.WinPhone", "App1\App1.WinPhone\App1.WinPhone.csproj", "{73012284-9162-41B9-89E6-C187B99EC44C}"
EndProject
Project("{FAE04EC0-301F-11D3-BF4B-00C04F79EFBC}") = "App1", "App1\App1\App1.csproj", "{58001DAE-7C97-40F2-8498-C56BD9803AD0}"
EndProject
Global
	GlobalSection(SolutionConfigurationPlatforms) = preSolution
		Ad-Hoc|Any CPU = Ad-Hoc|Any CPU
		Ad-Hoc|ARM = Ad-Hoc|ARM
		Ad-Hoc|iPhone = Ad-Hoc|iPhone
		Ad-Hoc|iPhoneSimulator = Ad-Hoc|iPhoneSimulator
		Ad-Hoc|x86 = Ad-Hoc|x86
		AppStore|Any CPU = AppStore|Any CPU
		AppStore|ARM = AppStore|ARM
		AppStore|iPhone = AppStore|iPhone
		AppStore|iPhoneSimulator = AppStore|iPhoneSimulator
		AppStore|x86 = AppStore|x86
		Debug|Any CPU = Debug|Any CPU
		Debug|ARM = Debug|ARM
		Debug|iPhone = Debug|iPhone
		Debug|iPhoneSimulator = Debug|iPhoneSimulator
		Debug|x86 = Debug|x86
		Release|Any CPU = Release|Any CPU
		Release|ARM = Release|ARM
		Release|iPhone = Release|iPhone
		Release|iPhoneSimulator = Release|iPhoneSimulator
		Release|x86 = Release|x86
	EndGlobalSection
	GlobalSection(ProjectConfigurationPlatforms) = postSolution
		{85780D25-884C-4385-80B9-87926191A8CC}.Ad-Hoc|Any CPU.ActiveCfg = Release|Any CPU
		{85780D25-884C-4385-80B9-87926191A8CC}.Ad-Hoc|Any CPU.Build.0 = Release|Any CPU
		{85780D25-884C-4385-80B9-87926191A8CC}.Ad-Hoc|ARM.ActiveCfg = Release|Any CPU
		{85780D25-884C-4385-80B9-87926191A8CC}.Ad-Hoc|ARM.Build.0 = Release|Any CPU
		{85780D25-884C-4385-80B9-87926191A8CC}.Ad-Hoc|iPhone.ActiveCfg = Release|Any CPU
		{85780D25-884C-4385-80B9-87926191A8CC}.Ad-Hoc|iPhone.Build.0 = Release|Any CPU
		{85780D25-884C-4385-80B9-87926191A8CC}.Ad-Hoc|iPhoneSimulator.ActiveCfg = Release|Any CPU
		{85780D25-884C-4385-80B9-87926191A8CC}.Ad-Hoc|iPhoneSimulator.Build.0 = Release|Any CPU
		{85780D25-884C-4385-80B9-87926191A8CC}.Ad-Hoc|x86.ActiveCfg = Release|Any CPU
		{85780D25-884C-4385-80B9-87926191A8CC}.Ad-Hoc|x86.Build.0 = Release|Any CPU
		{85780D25-884C-4385-80B9-87926191A8CC}.AppStore|Any CPU.ActiveCfg = Release|Any CPU
		{85780D25-884C-4385-80B9-87926191A8CC}.AppStore|Any CPU.Build.0 = Release|Any CPU
		{85780D25-884C-4385-80B9-87926191A8CC}.AppStore|ARM.ActiveCfg = Release|Any CPU
		{85780D25-884C-4385-80B9-87926191A8CC}.AppStore|ARM.Build.0 = Release|Any CPU
		{85780D25-884C-4385-80B9-87926191A8CC}.AppStore|iPhone.ActiveCfg = Release|Any CPU
		{85780D25-884C-4385-80B9-87926191A8CC}.AppStore|iPhone.Build.0 = Release|Any CPU
		{85780D25-884C-4385-80B9-87926191A8CC}.AppStore|iPhoneSimulator.ActiveCfg = Release|Any CPU
		{85780D25-884C-4385-80B9-87926191A8CC}.AppStore|iPhoneSimulator.Build.0 = Release|Any CPU
		{85780D25-884C-4385-80B9-87926191A8CC}.AppStore|x86.ActiveCfg = Release|Any CPU
		{85780D25-884C-4385-80B9-87926191A8CC}.AppStore|x86.Build.0 = Release|Any CPU
		{85780D25-884C-4385-80B9-87926191A8CC}.Debug|Any CPU.ActiveCfg = Debug|Any CPU
		{85780D25-884C-4385-80B9-87926191A8CC}.Debug|Any CPU.Build.0 = Debug|Any CPU
		{85780D25-884C-4385-80B9-87926191A8CC}.Debug|ARM.ActiveCfg = Debug|Any CPU
		{85780D25-884C-4385-80B9-87926191A8CC}.Debug|ARM.Build.0 = Debug|Any CPU
		{85780D25-884C-4385-80B9-87926191A8CC}.Debug|iPhone.ActiveCfg = Debug|Any CPU
		{85780D25-884C-4385-80B9-87926191A8CC}.Debug|iPhone.Build.0 = Debug|Any CPU
		{85780D25-884C-4385-80B9-87926191A8CC}.Debug|iPhoneSimulator.ActiveCfg = Debug|Any CPU
		{85780D25-884C-4385-80B9-87926191A8CC}.Debug|iPhoneSimulator.Build.0 = Debug|Any CPU
		{85780D25-884C-4385-80B9-87926191A8CC}.Debug|x86.ActiveCfg = Debug|Any CPU
		{85780D25-884C-4385-80B9-87926191A8CC}.Debug|x86.Build.0 = Debug|Any CPU
		{85780D25-884C-4385-80B9-87926191A8CC}.Release|Any CPU.ActiveCfg = Release|Any CPU
		{85780D25-884C-4385-80B9-87926191A8CC}.Release|Any CPU.Build.0 = Release|Any CPU
		{85780D25-884C-4385-80B9-87926191A8CC}.Release|ARM.ActiveCfg = Release|Any CPU
		{85780D25-884C-4385-80B9-87926191A8CC}.Release|ARM.Build.0 = Release|Any CPU
		{85780D25-884C-4385-80B9-87926191A8CC}.Release|iPhone.ActiveCfg = Release|Any CPU
		{85780D25-884C-4385-80B9-87926191A8CC}.Release|iPhone.Build.0 = Release|Any CPU
		{85780D25-884C-4385-80B9-87926191A8CC}.Release|iPhoneSimulator.ActiveCfg = Release|Any CPU
		{85780D25-884C-4385-80B9-87926191A8CC}.Release|iPhoneSimulator.Build.0 = Release|Any CPU
		{85780D25-884C-4385-80B9-87926191A8CC}.Release|x86.ActiveCfg = Release|Any CPU
		{85780D25-884C-4385-80B9-87926191A8CC}.Release|x86.Build.0 = Release|Any CPU
		{1E84509C-9445-4760-8D77-C31455D103E9}.Ad-Hoc|Any CPU.ActiveCfg = Release|Any CPU
		{1E84509C-9445-4760-8D77-C31455D103E9}.Ad-Hoc|Any CPU.Build.0 = Release|Any CPU
		{1E84509C-9445-4760-8D77-C31455D103E9}.Ad-Hoc|Any CPU.Deploy.0 = Release|Any CPU
		{1E84509C-9445-4760-8D77-C31455D103E9}.Ad-Hoc|ARM.ActiveCfg = Release|Any CPU
		{1E84509C-9445-4760-8D77-C31455D103E9}.Ad-Hoc|ARM.Build.0 = Release|Any CPU
		{1E84509C-9445-4760-8D77-C31455D103E9}.Ad-Hoc|ARM.Deploy.0 = Release|Any CPU
		{1E84509C-9445-4760-8D77-C31455D103E9}.Ad-Hoc|iPhone.ActiveCfg = Release|Any CPU
		{1E84509C-9445-4760-8D77-C31455D103E9}.Ad-Hoc|iPhone.Build.0 = Release|Any CPU
		{1E84509C-9445-4760-8D77-C31455D103E9}.Ad-Hoc|iPhone.Deploy.0 = Release|Any CPU
		{1E84509C-9445-4760-8D77-C31455D103E9}.Ad-Hoc|iPhoneSimulator.ActiveCfg = Release|Any CPU
		{1E84509C-9445-4760-8D77-C31455D103E9}.Ad-Hoc|iPhoneSimulator.Build.0 = Release|Any CPU
		{1E84509C-9445-4760-8D77-C31455D103E9}.Ad-Hoc|iPhoneSimulator.Deploy.0 = Release|Any CPU
		{1E84509C-9445-4760-8D77-C31455D103E9}.Ad-Hoc|x86.ActiveCfg = Release|Any CPU
		{1E84509C-9445-4760-8D77-C31455D103E9}.Ad-Hoc|x86.Build.0 = Release|Any CPU
		{1E84509C-9445-4760-8D77-C31455D103E9}.Ad-Hoc|x86.Deploy.0 = Release|Any CPU
		{1E84509C-9445-4760-8D77-C31455D103E9}.AppStore|Any CPU.ActiveCfg = Release|Any CPU
		{1E84509C-9445-4760-8D77-C31455D103E9}.AppStore|Any CPU.Build.0 = Release|Any CPU
		{1E84509C-9445-4760-8D77-C31455D103E9}.AppStore|Any CPU.Deploy.0 = Release|Any CPU
		{1E84509C-9445-4760-8D77-C31455D103E9}.AppStore|ARM.ActiveCfg = Release|Any CPU
		{1E84509C-9445-4760-8D77-C31455D103E9}.AppStore|ARM.Build.0 = Release|Any CPU
		{1E84509C-9445-4760-8D77-C31455D103E9}.AppStore|ARM.Deploy.0 = Release|Any CPU
		{1E84509C-9445-4760-8D77-C31455D103E9}.AppStore|iPhone.ActiveCfg = Release|Any CPU
		{1E84509C-9445-4760-8D77-C31455D103E9}.AppStore|iPhone.Build.0 = Release|Any CPU
		{1E84509C-9445-4760-8D77-C31455D103E9}.AppStore|iPhone.Deploy.0 = Release|Any CPU
		{1E84509C-9445-4760-8D77-C31455D103E9}.AppStore|iPhoneSimulator.ActiveCfg = Release|Any CPU
		{1E84509C-9445-4760-8D77-C31455D103E9}.AppStore|iPhoneSimulator.Build.0 = Release|Any CPU
		{1E84509C-9445-4760-8D77-C31455D103E9}.AppStore|iPhoneSimulator.Deploy.0 = Release|Any CPU
		{1E84509C-9445-4760-8D77-C31455D103E9}.AppStore|x86.ActiveCfg = Release|Any CPU
		{1E84509C-9445-4760-8D77-C31455D103E9}.AppStore|x86.Build.0 = Release|Any CPU
		{1E84509C-9445-4760-8D77-C31455D103E9}.AppStore|x86.Deploy.0 = Release|Any CPU
		{1E84509C-9445-4760-8D77-C31455D103E9}.Debug|Any CPU.ActiveCfg = Debug|Any CPU
		{1E84509C-9445-4760-8D77-C31455D103E9}.Debug|Any CPU.Build.0 = Debug|Any CPU
		{1E84509C-9445-4760-8D77-C31455D103E9}.Debug|Any CPU.Deploy.0 = Debug|Any CPU
		{1E84509C-9445-4760-8D77-C31455D103E9}.Debug|ARM.ActiveCfg = Debug|Any CPU
		{1E84509C-9445-4760-8D77-C31455D103E9}.Debug|ARM.Build.0 = Debug|Any CPU
		{1E84509C-9445-4760-8D77-C31455D103E9}.Debug|ARM.Deploy.0 = Debug|Any CPU
		{1E84509C-9445-4760-8D77-C31455D103E9}.Debug|iPhone.ActiveCfg = Debug|Any CPU
		{1E84509C-9445-4760-8D77-C31455D103E9}.Debug|iPhone.Build.0 = Debug|Any CPU
		{1E84509C-9445-4760-8D77-C31455D103E9}.Debug|iPhone.Deploy.0 = Debug|Any CPU
		{1E84509C-9445-4760-8D77-C31455D103E9}.Debug|iPhoneSimulator.ActiveCfg = Debug|Any CPU
		{1E84509C-9445-4760-8D77-C31455D103E9}.Debug|iPhoneSimulator.Build.0 = Debug|Any CPU
		{1E84509C-9445-4760-8D77-C31455D103E9}.Debug|iPhoneSimulator.Deploy.0 = Debug|Any CPU
		{1E84509C-9445-4760-8D77-C31455D103E9}.Debug|x86.ActiveCfg = Debug|Any CPU
		{1E84509C-9445-4760-8D77-C31455D103E9}.Debug|x86.Build.0 = Debug|Any CPU
		{1E84509C-9445-4760-8D77-C31455D103E9}.Debug|x86.Deploy.0 = Debug|Any CPU
		{1E84509C-9445-4760-8D77-C31455D103E9}.Release|Any CPU.ActiveCfg = Release|Any CPU
		{1E84509C-9445-4760-8D77-C31455D103E9}.Release|Any CPU.Build.0 = Release|Any CPU
		{1E84509C-9445-4760-8D77-C31455D103E9}.Release|Any CPU.Deploy.0 = Release|Any CPU
		{1E84509C-9445-4760-8D77-C31455D103E9}.Release|ARM.ActiveCfg = Release|Any CPU
		{1E84509C-9445-4760-8D77-C31455D103E9}.Release|ARM.Build.0 = Release|Any CPU
		{1E84509C-9445-4760-8D77-C31455D103E9}.Release|ARM.Deploy.0 = Release|Any CPU
		{1E84509C-9445-4760-8D77-C31455D103E9}.Release|iPhone.ActiveCfg = Release|Any CPU
		{1E84509C-9445-4760-8D77-C31455D103E9}.Release|iPhone.Build.0 = Release|Any CPU
		{1E84509C-9445-4760-8D77-C31455D103E9}.Release|iPhone.Deploy.0 = Release|Any CPU
		{1E84509C-9445-4760-8D77-C31455D103E9}.Release|iPhoneSimulator.ActiveCfg = Release|Any CPU
		{1E84509C-9445-4760-8D77-C31455D103E9}.Release|iPhoneSimulator.Build.0 = Release|Any CPU
		{1E84509C-9445-4760-8D77-C31455D103E9}.Release|iPhoneSimulator.Deploy.0 = Release|Any CPU
		{1E84509C-9445-4760-8D77-C31455D103E9}.Release|x86.ActiveCfg = Release|Any CPU
		{1E84509C-9445-4760-8D77-C31455D103E9}.Release|x86.Build.0 = Release|Any CPU
		{1E84509C-9445-4760-8D77-C31455D103E9}.Release|x86.Deploy.0 = Release|Any CPU
		{A004893B-B381-44BB-ABBB-508A14B8A13C}.Ad-Hoc|Any CPU.ActiveCfg = Ad-Hoc|iPhone
		{A004893B-B381-44BB-ABBB-508A14B8A13C}.Ad-Hoc|ARM.ActiveCfg = Ad-Hoc|iPhone
		{A004893B-B381-44BB-ABBB-508A14B8A13C}.Ad-Hoc|iPhone.ActiveCfg = Ad-Hoc|iPhone
		{A004893B-B381-44BB-ABBB-508A14B8A13C}.Ad-Hoc|iPhone.Build.0 = Ad-Hoc|iPhone
		{A004893B-B381-44BB-ABBB-508A14B8A13C}.Ad-Hoc|iPhoneSimulator.ActiveCfg = Ad-Hoc|iPhoneSimulator
		{A004893B-B381-44BB-ABBB-508A14B8A13C}.Ad-Hoc|iPhoneSimulator.Build.0 = Ad-Hoc|iPhoneSimulator
		{A004893B-B381-44BB-ABBB-508A14B8A13C}.Ad-Hoc|x86.ActiveCfg = Ad-Hoc|iPhone
		{A004893B-B381-44BB-ABBB-508A14B8A13C}.AppStore|Any CPU.ActiveCfg = AppStore|iPhone
		{A004893B-B381-44BB-ABBB-508A14B8A13C}.AppStore|ARM.ActiveCfg = AppStore|iPhone
		{A004893B-B381-44BB-ABBB-508A14B8A13C}.AppStore|iPhone.ActiveCfg = AppStore|iPhone
		{A004893B-B381-44BB-ABBB-508A14B8A13C}.AppStore|iPhone.Build.0 = AppStore|iPhone
		{A004893B-B381-44BB-ABBB-508A14B8A13C}.AppStore|iPhoneSimulator.ActiveCfg = AppStore|iPhoneSimulator
		{A004893B-B381-44BB-ABBB-508A14B8A13C}.AppStore|iPhoneSimulator.Build.0 = AppStore|iPhoneSimulator
		{A004893B-B381-44BB-ABBB-508A14B8A13C}.AppStore|x86.ActiveCfg = AppStore|iPhone
		{A004893B-B381-44BB-ABBB-508A14B8A13C}.Debug|Any CPU.ActiveCfg = Debug|iPhone
		{A004893B-B381-44BB-ABBB-508A14B8A13C}.Debug|ARM.ActiveCfg = Debug|iPhone
		{A004893B-B381-44BB-ABBB-508A14B8A13C}.Debug|iPhone.ActiveCfg = Debug|iPhone
		{A004893B-B381-44BB-ABBB-508A14B8A13C}.Debug|iPhone.Build.0 = Debug|iPhone
		{A004893B-B381-44BB-ABBB-508A14B8A13C}.Debug|iPhoneSimulator.ActiveCfg = Debug|iPhoneSimulator
		{A004893B-B381-44BB-ABBB-508A14B8A13C}.Debug|iPhoneSimulator.Build.0 = Debug|iPhoneSimulator
		{A004893B-B381-44BB-ABBB-508A14B8A13C}.Debug|x86.ActiveCfg = Debug|iPhone
		{A004893B-B381-44BB-ABBB-508A14B8A13C}.Release|Any CPU.ActiveCfg = Release|iPhone
		{A004893B-B381-44BB-ABBB-508A14B8A13C}.Release|ARM.ActiveCfg = Release|iPhone
		{A004893B-B381-44BB-ABBB-508A14B8A13C}.Release|iPhone.ActiveCfg = Release|iPhone
		{A004893B-B381-44BB-ABBB-508A14B8A13C}.Release|iPhone.Build.0 = Release|iPhone
		{A004893B-B381-44BB-ABBB-508A14B8A13C}.Release|iPhoneSimulator.ActiveCfg = Release|iPhoneSimulator
		{A004893B-B381-44BB-ABBB-508A14B8A13C}.Release|iPhoneSimulator.Build.0 = Release|iPhoneSimulator
		{A004893B-B381-44BB-ABBB-508A14B8A13C}.Release|x86.ActiveCfg = Release|iPhone
		{73012284-9162-41B9-89E6-C187B99EC44C}.Ad-Hoc|Any CPU.ActiveCfg = Release|Any CPU
		{73012284-9162-41B9-89E6-C187B99EC44C}.Ad-Hoc|Any CPU.Build.0 = Release|Any CPU
		{73012284-9162-41B9-89E6-C187B99EC44C}.Ad-Hoc|Any CPU.Deploy.0 = Release|Any CPU
		{73012284-9162-41B9-89E6-C187B99EC44C}.Ad-Hoc|ARM.ActiveCfg = Release|ARM
		{73012284-9162-41B9-89E6-C187B99EC44C}.Ad-Hoc|ARM.Build.0 = Release|ARM
		{73012284-9162-41B9-89E6-C187B99EC44C}.Ad-Hoc|ARM.Deploy.0 = Release|ARM
		{73012284-9162-41B9-89E6-C187B99EC44C}.Ad-Hoc|iPhone.ActiveCfg = Release|Any CPU
		{73012284-9162-41B9-89E6-C187B99EC44C}.Ad-Hoc|iPhone.Build.0 = Release|Any CPU
		{73012284-9162-41B9-89E6-C187B99EC44C}.Ad-Hoc|iPhone.Deploy.0 = Release|Any CPU
		{73012284-9162-41B9-89E6-C187B99EC44C}.Ad-Hoc|iPhoneSimulator.ActiveCfg = Release|Any CPU
		{73012284-9162-41B9-89E6-C187B99EC44C}.Ad-Hoc|iPhoneSimulator.Build.0 = Release|Any CPU
		{73012284-9162-41B9-89E6-C187B99EC44C}.Ad-Hoc|iPhoneSimulator.Deploy.0 = Release|Any CPU
		{73012284-9162-41B9-89E6-C187B99EC44C}.Ad-Hoc|x86.ActiveCfg = Release|x86
		{73012284-9162-41B9-89E6-C187B99EC44C}.Ad-Hoc|x86.Build.0 = Release|x86
		{73012284-9162-41B9-89E6-C187B99EC44C}.Ad-Hoc|x86.Deploy.0 = Release|x86
		{73012284-9162-41B9-89E6-C187B99EC44C}.AppStore|Any CPU.ActiveCfg = Release|Any CPU
		{73012284-9162-41B9-89E6-C187B99EC44C}.AppStore|Any CPU.Build.0 = Release|Any CPU
		{73012284-9162-41B9-89E6-C187B99EC44C}.AppStore|Any CPU.Deploy.0 = Release|Any CPU
		{73012284-9162-41B9-89E6-C187B99EC44C}.AppStore|ARM.ActiveCfg = Release|ARM
		{73012284-9162-41B9-89E6-C187B99EC44C}.AppStore|ARM.Build.0 = Release|ARM
		{73012284-9162-41B9-89E6-C187B99EC44C}.AppStore|ARM.Deploy.0 = Release|ARM
		{73012284-9162-41B9-89E6-C187B99EC44C}.AppStore|iPhone.ActiveCfg = Release|Any CPU
		{73012284-9162-41B9-89E6-C187B99EC44C}.AppStore|iPhone.Build.0 = Release|Any CPU
		{73012284-9162-41B9-89E6-C187B99EC44C}.AppStore|iPhone.Deploy.0 = Release|Any CPU
		{73012284-9162-41B9-89E6-C187B99EC44C}.AppStore|iPhoneSimulator.ActiveCfg = Release|Any CPU
		{73012284-9162-41B9-89E6-C187B99EC44C}.AppStore|iPhoneSimulator.Build.0 = Release|Any CPU
		{73012284-9162-41B9-89E6-C187B99EC44C}.AppStore|iPhoneSimulator.Deploy.0 = Release|Any CPU
		{73012284-9162-41B9-89E6-C187B99EC44C}.AppStore|x86.ActiveCfg = Release|x86
		{73012284-9162-41B9-89E6-C187B99EC44C}.AppStore|x86.Build.0 = Release|x86
		{73012284-9162-41B9-89E6-C187B99EC44C}.AppStore|x86.Deploy.0 = Release|x86
		{73012284-9162-41B9-89E6-C187B99EC44C}.Debug|Any CPU.ActiveCfg = Debug|Any CPU
		{73012284-9162-41B9-89E6-C187B99EC44C}.Debug|Any CPU.Build.0 = Debug|Any CPU
		{73012284-9162-41B9-89E6-C187B99EC44C}.Debug|Any CPU.Deploy.0 = Debug|Any CPU
		{73012284-9162-41B9-89E6-C187B99EC44C}.Debug|ARM.ActiveCfg = Debug|ARM
		{73012284-9162-41B9-89E6-C187B99EC44C}.Debug|ARM.Build.0 = Debug|ARM
		{73012284-9162-41B9-89E6-C187B99EC44C}.Debug|ARM.Deploy.0 = Debug|ARM
		{73012284-9162-41B9-89E6-C187B99EC44C}.Debug|iPhone.ActiveCfg = Debug|Any CPU
		{73012284-9162-41B9-89E6-C187B99EC44C}.Debug|iPhone.Build.0 = Debug|Any CPU
		{73012284-9162-41B9-89E6-C187B99EC44C}.Debug|iPhone.Deploy.0 = Debug|Any CPU
		{73012284-9162-41B9-89E6-C187B99EC44C}.Debug|iPhoneSimulator.ActiveCfg = Debug|Any CPU
		{73012284-9162-41B9-89E6-C187B99EC44C}.Debug|iPhoneSimulator.Build.0 = Debug|Any CPU
		{73012284-9162-41B9-89E6-C187B99EC44C}.Debug|iPhoneSimulator.Deploy.0 = Debug|Any CPU
		{73012284-9162-41B9-89E6-C187B99EC44C}.Debug|x86.ActiveCfg = Debug|x86
		{73012284-9162-41B9-89E6-C187B99EC44C}.Debug|x86.Build.0 = Debug|x86
		{73012284-9162-41B9-89E6-C187B99EC44C}.Debug|x86.Deploy.0 = Debug|x86
		{73012284-9162-41B9-89E6-C187B99EC44C}.Release|Any CPU.ActiveCfg = Release|Any CPU
		{73012284-9162-41B9-89E6-C187B99EC44C}.Release|Any CPU.Build.0 = Release|Any CPU
		{73012284-9162-41B9-89E6-C187B99EC44C}.Release|Any CPU.Deploy.0 = Release|Any CPU
		{73012284-9162-41B9-89E6-C187B99EC44C}.Release|ARM.ActiveCfg = Release|ARM
		{73012284-9162-41B9-89E6-C187B99EC44C}.Release|ARM.Build.0 = Release|ARM
		{73012284-9162-41B9-89E6-C187B99EC44C}.Release|ARM.Deploy.0 = Release|ARM
		{73012284-9162-41B9-89E6-C187B99EC44C}.Release|iPhone.ActiveCfg = Release|Any CPU
		{73012284-9162-41B9-89E6-C187B99EC44C}.Release|iPhone.Build.0 = Release|Any CPU
		{73012284-9162-41B9-89E6-C187B99EC44C}.Release|iPhone.Deploy.0 = Release|Any CPU
		{73012284-9162-41B9-89E6-C187B99EC44C}.Release|iPhoneSimulator.ActiveCfg = Release|Any CPU
		{73012284-9162-41B9-89E6-C187B99EC44C}.Release|iPhoneSimulator.Build.0 = Release|Any CPU
		{73012284-9162-41B9-89E6-C187B99EC44C}.Release|iPhoneSimulator.Deploy.0 = Release|Any CPU
		{73012284-9162-41B9-89E6-C187B99EC44C}.Release|x86.ActiveCfg = Release|x86
		{73012284-9162-41B9-89E6-C187B99EC44C}.Release|x86.Build.0 = Release|x86
		{73012284-9162-41B9-89E6-C187B99EC44C}.Release|x86.Deploy.0 = Release|x86
		{58001DAE-7C97-40F2-8498-C56BD9803AD0}.Ad-Hoc|Any CPU.ActiveCfg = Release|Any CPU
		{58001DAE-7C97-40F2-8498-C56BD9803AD0}.Ad-Hoc|Any CPU.Build.0 = Release|Any CPU
		{58001DAE-7C97-40F2-8498-C56BD9803AD0}.Ad-Hoc|ARM.ActiveCfg = Release|Any CPU
		{58001DAE-7C97-40F2-8498-C56BD9803AD0}.Ad-Hoc|ARM.Build.0 = Release|Any CPU
		{58001DAE-7C97-40F2-8498-C56BD9803AD0}.Ad-Hoc|iPhone.ActiveCfg = Release|Any CPU
		{58001DAE-7C97-40F2-8498-C56BD9803AD0}.Ad-Hoc|iPhone.Build.0 = Release|Any CPU
		{58001DAE-7C97-40F2-8498-C56BD9803AD0}.Ad-Hoc|iPhoneSimulator.ActiveCfg = Release|Any CPU
		{58001DAE-7C97-40F2-8498-C56BD9803AD0}.Ad-Hoc|iPhoneSimulator.Build.0 = Release|Any CPU
		{58001DAE-7C97-40F2-8498-C56BD9803AD0}.Ad-Hoc|x86.ActiveCfg = Release|Any CPU
		{58001DAE-7C97-40F2-8498-C56BD9803AD0}.Ad-Hoc|x86.Build.0 = Release|Any CPU
		{58001DAE-7C97-40F2-8498-C56BD9803AD0}.AppStore|Any CPU.ActiveCfg = Release|Any CPU
		{58001DAE-7C97-40F2-8498-C56BD9803AD0}.AppStore|Any CPU.Build.0 = Release|Any CPU
		{58001DAE-7C97-40F2-8498-C56BD9803AD0}.AppStore|ARM.ActiveCfg = Release|Any CPU
		{58001DAE-7C97-40F2-8498-C56BD9803AD0}.AppStore|ARM.Build.0 = Release|Any CPU
		{58001DAE-7C97-40F2-8498-C56BD9803AD0}.AppStore|iPhone.ActiveCfg = Release|Any CPU
		{58001DAE-7C97-40F2-8498-C56BD9803AD0}.AppStore|iPhone.Build.0 = Release|Any CPU
		{58001DAE-7C97-40F2-8498-C56BD9803AD0}.AppStore|iPhoneSimulator.ActiveCfg = Release|Any CPU
		{58001DAE-7C97-40F2-8498-C56BD9803AD0}.AppStore|iPhoneSimulator.Build.0 = Release|Any CPU
		{58001DAE-7C97-40F2-8498-C56BD9803AD0}.AppStore|x86.ActiveCfg = Release|Any CPU
		{58001DAE-7C97-40F2-8498-C56BD9803AD0}.AppStore|x86.Build.0 = Release|Any CPU
		{58001DAE-7C97-40F2-8498-C56BD9803AD0}.Debug|Any CPU.ActiveCfg = Debug|Any CPU
		{58001DAE-7C97-40F2-8498-C56BD9803AD0}.Debug|Any CPU.Build.0 = Debug|Any CPU
		{58001DAE-7C97-40F2-8498-C56BD9803AD0}.Debug|ARM.ActiveCfg = Debug|Any CPU
		{58001DAE-7C97-40F2-8498-C56BD9803AD0}.Debug|ARM.Build.0 = Debug|Any CPU
		{58001DAE-7C97-40F2-8498-C56BD9803AD0}.Debug|iPhone.ActiveCfg = Debug|Any CPU
		{58001DAE-7C97-40F2-8498-C56BD9803AD0}.Debug|iPhone.Build.0 = Debug|Any CPU
		{58001DAE-7C97-40F2-8498-C56BD9803AD0}.Debug|iPhoneSimulator.ActiveCfg = Debug|Any CPU
		{58001DAE-7C97-40F2-8498-C56BD9803AD0}.Debug|iPhoneSimulator.Build.0 = Debug|Any CPU
		{58001DAE-7C97-40F2-8498-C56BD9803AD0}.Debug|x86.ActiveCfg = Debug|Any CPU
		{58001DAE-7C97-40F2-8498-C56BD9803AD0}.Debug|x86.Build.0 = Debug|Any CPU
		{58001DAE-7C97-40F2-8498-C56BD9803AD0}.Release|Any CPU.ActiveCfg = Release|Any CPU
		{58001DAE-7C97-40F2-8498-C56BD9803AD0}.Release|Any CPU.Build.0 = Release|Any CPU
		{58001DAE-7C97-40F2-8498-C56BD9803AD0}.Release|ARM.ActiveCfg = Release|Any CPU
		{58001DAE-7C97-40F2-8498-C56BD9803AD0}.Release|ARM.Build.0 = Release|Any CPU
		{58001DAE-7C97-40F2-8498-C56BD9803AD0}.Release|iPhone.ActiveCfg = Release|Any CPU
		{58001DAE-7C97-40F2-8498-C56BD9803AD0}.Release|iPhone.Build.0 = Release|Any CPU
		{58001DAE-7C97-40F2-8498-C56BD9803AD0}.Release|iPhoneSimulator.ActiveCfg = Release|Any CPU
		{58001DAE-7C97-40F2-8498-C56BD9803AD0}.Release|iPhoneSimulator.Build.0 = Release|Any CPU
		{58001DAE-7C97-40F2-8498-C56BD9803AD0}.Release|x86.ActiveCfg = Release|Any CPU
		{58001DAE-7C97-40F2-8498-C56BD9803AD0}.Release|x86.Build.0 = Release|Any CPU
	EndGlobalSection
	GlobalSection(SolutionProperties) = preSolution
		HideSolutionNode = FALSE
	EndGlobalSection
EndGlobal
